
Microsoft Visual Studio Solution File, Format Version 12.00
# Visual Studio 2013
VisualStudioVersion = 12.0.31101.0
MinimumVisualStudioVersion = 10.0.40219.1
Project("{FAE04EC0-301F-11D3-BF4B-00C04F79EFBC}") = "SpreadsheetUtilities", "SpreadsheetUtilities\SpreadsheetUtilities.csproj", "{E419D007-90C3-4470-8049-E0899082D817}"
EndProject
Project("{FAE04EC0-301F-11D3-BF4B-00C04F79EFBC}") = "TestSpreadsheetUtilities", "TestSpreadsheetUtilities\TestSpreadsheetUtilities.csproj", "{FC0FE6C5-A065-4094-A1E1-96C05DFBF3DF}"
EndProject
Project("{FAE04EC0-301F-11D3-BF4B-00C04F79EFBC}") = "ConsoleApplication2", "ConsoleApplication2\ConsoleApplication2.csproj", "{2EB9EE12-19C3-4A5B-8DEE-9F99343E51D4}"
EndProject
Global
	GlobalSection(SolutionConfigurationPlatforms) = preSolution
		Debug|Any CPU = Debug|Any CPU
		Release|Any CPU = Release|Any CPU
	EndGlobalSection
	GlobalSection(ProjectConfigurationPlatforms) = postSolution
		{E419D007-90C3-4470-8049-E0899082D817}.Debug|Any CPU.ActiveCfg = Debug|Any CPU
		{E419D007-90C3-4470-8049-E0899082D817}.Debug|Any CPU.Build.0 = Debug|Any CPU
		{E419D007-90C3-4470-8049-E0899082D817}.Release|Any CPU.ActiveCfg = Release|Any CPU
		{E419D007-90C3-4470-8049-E0899082D817}.Release|Any CPU.Build.0 = Release|Any CPU
		{FC0FE6C5-A065-4094-A1E1-96C05DFBF3DF}.Debug|Any CPU.ActiveCfg = Debug|Any CPU
		{FC0FE6C5-A065-4094-A1E1-96C05DFBF3DF}.Debug|Any CPU.Build.0 = Debug|Any CPU
		{FC0FE6C5-A065-4094-A1E1-96C05DFBF3DF}.Release|Any CPU.ActiveCfg = Release|Any CPU
		{FC0FE6C5-A065-4094-A1E1-96C05DFBF3DF}.Release|Any CPU.Build.0 = Release|Any CPU
		{2EB9EE12-19C3-4A5B-8DEE-9F99343E51D4}.Debug|Any CPU.ActiveCfg = Debug|Any CPU
		{2EB9EE12-19C3-4A5B-8DEE-9F99343E51D4}.Debug|Any CPU.Build.0 = Debug|Any CPU
		{2EB9EE12-19C3-4A5B-8DEE-9F99343E51D4}.Release|Any CPU.ActiveCfg = Release|Any CPU
		{2EB9EE12-19C3-4A5B-8DEE-9F99343E51D4}.Release|Any CPU.Build.0 = Release|Any CPU
	EndGlobalSection
	GlobalSection(SolutionProperties) = preSolution
		HideSolutionNode = FALSE
	EndGlobalSection
EndGlobal
