
Microsoft Visual Studio Solution File, Format Version 12.00
# Visual Studio 14
VisualStudioVersion = 14.0.23107.0
MinimumVisualStudioVersion = 10.0.40219.1
Project("{FAE04EC0-301F-11D3-BF4B-00C04F79EFBC}") = "Spreadsheet", "Spreadsheet\Spreadsheet.csproj", "{8AE54763-8A7F-4AEA-A02F-766EF7FD3F27}"
EndProject
Project("{FAE04EC0-301F-11D3-BF4B-00C04F79EFBC}") = "Resources", "Resources\Resources.csproj", "{72A37FB8-D777-4AED-A6D9-88107524B27C}"
EndProject
Project("{FAE04EC0-301F-11D3-BF4B-00C04F79EFBC}") = "SpreadsheetTests", "Tests\SpreadsheetTests.csproj", "{A374527C-A109-47D1-B0A8-32CFE870E729}"
EndProject
Project("{FAE04EC0-301F-11D3-BF4B-00C04F79EFBC}") = "SpreadsheetGUI", "SpreadsheetGUI\SpreadsheetGUI.csproj", "{C686835C-AE35-46FD-B545-74000669119A}"
EndProject
Global
	GlobalSection(SolutionConfigurationPlatforms) = preSolution
		Debug|Any CPU = Debug|Any CPU
		Release|Any CPU = Release|Any CPU
	EndGlobalSection
	GlobalSection(ProjectConfigurationPlatforms) = postSolution
		{8AE54763-8A7F-4AEA-A02F-766EF7FD3F27}.Debug|Any CPU.ActiveCfg = Debug|Any CPU
		{8AE54763-8A7F-4AEA-A02F-766EF7FD3F27}.Debug|Any CPU.Build.0 = Debug|Any CPU
		{8AE54763-8A7F-4AEA-A02F-766EF7FD3F27}.Release|Any CPU.ActiveCfg = Release|Any CPU
		{8AE54763-8A7F-4AEA-A02F-766EF7FD3F27}.Release|Any CPU.Build.0 = Release|Any CPU
		{72A37FB8-D777-4AED-A6D9-88107524B27C}.Debug|Any CPU.ActiveCfg = Debug|Any CPU
		{72A37FB8-D777-4AED-A6D9-88107524B27C}.Debug|Any CPU.Build.0 = Debug|Any CPU
		{72A37FB8-D777-4AED-A6D9-88107524B27C}.Release|Any CPU.ActiveCfg = Release|Any CPU
		{72A37FB8-D777-4AED-A6D9-88107524B27C}.Release|Any CPU.Build.0 = Release|Any CPU
		{A374527C-A109-47D1-B0A8-32CFE870E729}.Debug|Any CPU.ActiveCfg = Debug|Any CPU
		{A374527C-A109-47D1-B0A8-32CFE870E729}.Debug|Any CPU.Build.0 = Debug|Any CPU
		{A374527C-A109-47D1-B0A8-32CFE870E729}.Release|Any CPU.ActiveCfg = Release|Any CPU
		{A374527C-A109-47D1-B0A8-32CFE870E729}.Release|Any CPU.Build.0 = Release|Any CPU
		{C686835C-AE35-46FD-B545-74000669119A}.Debug|Any CPU.ActiveCfg = Debug|Any CPU
		{C686835C-AE35-46FD-B545-74000669119A}.Debug|Any CPU.Build.0 = Debug|Any CPU
		{C686835C-AE35-46FD-B545-74000669119A}.Release|Any CPU.ActiveCfg = Release|Any CPU
		{C686835C-AE35-46FD-B545-74000669119A}.Release|Any CPU.Build.0 = Release|Any CPU
	EndGlobalSection
	GlobalSection(SolutionProperties) = preSolution
		HideSolutionNode = FALSE
	EndGlobalSection
EndGlobal
