
Microsoft Visual Studio Solution File, Format Version 12.00
# Visual Studio 2013
VisualStudioVersion = 12.0.21005.1
MinimumVisualStudioVersion = 10.0.40219.1
Project("{FAE04EC0-301F-11D3-BF4B-00C04F79EFBC}") = "Model", "Model\Model.csproj", "{5AC18EFE-545A-4278-A9FE-2F69E2B269BC}"
EndProject
Project("{FAE04EC0-301F-11D3-BF4B-00C04F79EFBC}") = "View", "View\View.csproj", "{38293786-2A75-48C2-9557-7786795F73E9}"
EndProject
Project("{FAE04EC0-301F-11D3-BF4B-00C04F79EFBC}") = "Resources", "Resources\Resources.csproj", "{210AA165-543F-43EA-B670-AC70D9C07DFD}"
EndProject
Project("{2150E333-8FDC-42A3-9474-1A3956D46DE8}") = "Solution Items", "Solution Items", "{DC78714C-F4C9-4232-9FBC-63D51EBE1081}"
	ProjectSection(SolutionItems) = preProject
		nuget.config = nuget.config
	EndProjectSection
EndProject
Project("{FAE04EC0-301F-11D3-BF4B-00C04F79EFBC}") = "Network_Controller", "Network_Controller\Network_Controller.csproj", "{98C341EB-7FD4-484F-A634-C918ED9056D0}"
EndProject
Global
	GlobalSection(SolutionConfigurationPlatforms) = preSolution
		Debug|Any CPU = Debug|Any CPU
		Release|Any CPU = Release|Any CPU
	EndGlobalSection
	GlobalSection(ProjectConfigurationPlatforms) = postSolution
		{5AC18EFE-545A-4278-A9FE-2F69E2B269BC}.Debug|Any CPU.ActiveCfg = Debug|Any CPU
		{5AC18EFE-545A-4278-A9FE-2F69E2B269BC}.Debug|Any CPU.Build.0 = Debug|Any CPU
		{5AC18EFE-545A-4278-A9FE-2F69E2B269BC}.Release|Any CPU.ActiveCfg = Release|Any CPU
		{5AC18EFE-545A-4278-A9FE-2F69E2B269BC}.Release|Any CPU.Build.0 = Release|Any CPU
		{38293786-2A75-48C2-9557-7786795F73E9}.Debug|Any CPU.ActiveCfg = Debug|Any CPU
		{38293786-2A75-48C2-9557-7786795F73E9}.Debug|Any CPU.Build.0 = Debug|Any CPU
		{38293786-2A75-48C2-9557-7786795F73E9}.Release|Any CPU.ActiveCfg = Release|Any CPU
		{38293786-2A75-48C2-9557-7786795F73E9}.Release|Any CPU.Build.0 = Release|Any CPU
		{210AA165-543F-43EA-B670-AC70D9C07DFD}.Debug|Any CPU.ActiveCfg = Debug|Any CPU
		{210AA165-543F-43EA-B670-AC70D9C07DFD}.Release|Any CPU.ActiveCfg = Release|Any CPU
		{210AA165-543F-43EA-B670-AC70D9C07DFD}.Release|Any CPU.Build.0 = Release|Any CPU
		{98C341EB-7FD4-484F-A634-C918ED9056D0}.Debug|Any CPU.ActiveCfg = Debug|Any CPU
		{98C341EB-7FD4-484F-A634-C918ED9056D0}.Debug|Any CPU.Build.0 = Debug|Any CPU
		{98C341EB-7FD4-484F-A634-C918ED9056D0}.Release|Any CPU.ActiveCfg = Release|Any CPU
		{98C341EB-7FD4-484F-A634-C918ED9056D0}.Release|Any CPU.Build.0 = Release|Any CPU
	EndGlobalSection
	GlobalSection(SolutionProperties) = preSolution
		HideSolutionNode = FALSE
	EndGlobalSection
EndGlobal
